
Microsoft Visual Studio Solution File, Format Version 12.00
# Visual Studio Version 17
VisualStudioVersion = 17.8.34330.188
MinimumVisualStudioVersion = 10.0.40219.1
Project("{9A19103F-16F7-4668-BE54-9A1E7A4F7556}") = "eShop.Data", "eShop.Data\eShop.Data.csproj", "{C2F24123-1391-498C-9A32-4EDBBAD54EF7}"
EndProject
Project("{9A19103F-16F7-4668-BE54-9A1E7A4F7556}") = "eShop.Data.Shared", "eShop.Data.Shared\eShop.Data.Shared.csproj", "{5A293B8E-9A73-4C17-BB8B-335A1E71748B}"
EndProject
Project("{9A19103F-16F7-4668-BE54-9A1E7A4F7556}") = "eShop.API.Category", "eShop.API.Category\eShop.API.Category.csproj", "{744B3A05-8EC3-4E4B-9DAB-F02364052AEC}"
EndProject
Project("{9A19103F-16F7-4668-BE54-9A1E7A4F7556}") = "eShop.API.Extensions", "Eshop.API.Extensions\eShop.API.Extensions.csproj", "{32DC21CB-BD41-43E3-AA8F-927FDFCD7E5E}"
EndProject
Project("{9A19103F-16F7-4668-BE54-9A1E7A4F7556}") = "eShop.API.DTO", "eShop.API.DTO\eShop.API.DTO.csproj", "{298FDDC1-D53B-4D12-A007-F1B259434C78}"
EndProject
Project("{9A19103F-16F7-4668-BE54-9A1E7A4F7556}") = "eShop.API.Product", "eShop.API.Product\eShop.API.Product.csproj", "{FC392384-5C6A-4262-9AC7-161CFF11FB95}"
EndProject
Project("{9A19103F-16F7-4668-BE54-9A1E7A4F7556}") = "eShop.BlazorEmpty.UI", "eShop.BlazorEmpty.UI\eShop.BlazorEmpty.UI.csproj", "{A5B47B36-9378-44F8-A568-40D02ADE32A0}"
EndProject
Project("{9A19103F-16F7-4668-BE54-9A1E7A4F7556}") = "eShop.UI.Models", "eShop.UI.Models\eShop.UI.Models.csproj", "{064085C8-AAF8-4FD0-8175-72356A76188F}"
EndProject
Project("{9A19103F-16F7-4668-BE54-9A1E7A4F7556}") = "eShop.UI", "eShop.UI\eShop.UI.csproj", "{282E201B-BD7F-4E97-A504-761239A118B3}"
EndProject
Project("{9A19103F-16F7-4668-BE54-9A1E7A4F7556}") = "eShop.UI.Http", "eShop.UI.Http\eShop.UI.Http.csproj", "{E5C556CD-2FE2-4958-9221-985CD947D625}"
EndProject
Project("{9A19103F-16F7-4668-BE54-9A1E7A4F7556}") = "eShop.UI.Storage", "eShop.UI.Storage\eShop.UI.Storage.csproj", "{2AAF421B-B71A-4945-B104-BA54A8413CE1}"
EndProject
Project("{FAE04EC0-301F-11D3-BF4B-00C04F79EFBC}") = "eShop.UI.Admin", "eShop.UI.Admin\eShop.UI.Admin.csproj", "{51464B0A-EA5D-47E0-9F86-B0A89141F259}"
EndProject
Global
	GlobalSection(SolutionConfigurationPlatforms) = preSolution
		Debug|Any CPU = Debug|Any CPU
		Release|Any CPU = Release|Any CPU
	EndGlobalSection
	GlobalSection(ProjectConfigurationPlatforms) = postSolution
		{C2F24123-1391-498C-9A32-4EDBBAD54EF7}.Debug|Any CPU.ActiveCfg = Debug|Any CPU
		{C2F24123-1391-498C-9A32-4EDBBAD54EF7}.Debug|Any CPU.Build.0 = Debug|Any CPU
		{C2F24123-1391-498C-9A32-4EDBBAD54EF7}.Release|Any CPU.ActiveCfg = Release|Any CPU
		{C2F24123-1391-498C-9A32-4EDBBAD54EF7}.Release|Any CPU.Build.0 = Release|Any CPU
		{5A293B8E-9A73-4C17-BB8B-335A1E71748B}.Debug|Any CPU.ActiveCfg = Debug|Any CPU
		{5A293B8E-9A73-4C17-BB8B-335A1E71748B}.Debug|Any CPU.Build.0 = Debug|Any CPU
		{5A293B8E-9A73-4C17-BB8B-335A1E71748B}.Release|Any CPU.ActiveCfg = Release|Any CPU
		{5A293B8E-9A73-4C17-BB8B-335A1E71748B}.Release|Any CPU.Build.0 = Release|Any CPU
		{744B3A05-8EC3-4E4B-9DAB-F02364052AEC}.Debug|Any CPU.ActiveCfg = Debug|Any CPU
		{744B3A05-8EC3-4E4B-9DAB-F02364052AEC}.Debug|Any CPU.Build.0 = Debug|Any CPU
		{744B3A05-8EC3-4E4B-9DAB-F02364052AEC}.Release|Any CPU.ActiveCfg = Release|Any CPU
		{744B3A05-8EC3-4E4B-9DAB-F02364052AEC}.Release|Any CPU.Build.0 = Release|Any CPU
		{32DC21CB-BD41-43E3-AA8F-927FDFCD7E5E}.Debug|Any CPU.ActiveCfg = Debug|Any CPU
		{32DC21CB-BD41-43E3-AA8F-927FDFCD7E5E}.Debug|Any CPU.Build.0 = Debug|Any CPU
		{32DC21CB-BD41-43E3-AA8F-927FDFCD7E5E}.Release|Any CPU.ActiveCfg = Release|Any CPU
		{32DC21CB-BD41-43E3-AA8F-927FDFCD7E5E}.Release|Any CPU.Build.0 = Release|Any CPU
		{298FDDC1-D53B-4D12-A007-F1B259434C78}.Debug|Any CPU.ActiveCfg = Debug|Any CPU
		{298FDDC1-D53B-4D12-A007-F1B259434C78}.Debug|Any CPU.Build.0 = Debug|Any CPU
		{298FDDC1-D53B-4D12-A007-F1B259434C78}.Release|Any CPU.ActiveCfg = Release|Any CPU
		{298FDDC1-D53B-4D12-A007-F1B259434C78}.Release|Any CPU.Build.0 = Release|Any CPU
		{FC392384-5C6A-4262-9AC7-161CFF11FB95}.Debug|Any CPU.ActiveCfg = Debug|Any CPU
		{FC392384-5C6A-4262-9AC7-161CFF11FB95}.Debug|Any CPU.Build.0 = Debug|Any CPU
		{FC392384-5C6A-4262-9AC7-161CFF11FB95}.Release|Any CPU.ActiveCfg = Release|Any CPU
		{FC392384-5C6A-4262-9AC7-161CFF11FB95}.Release|Any CPU.Build.0 = Release|Any CPU
		{A5B47B36-9378-44F8-A568-40D02ADE32A0}.Debug|Any CPU.ActiveCfg = Debug|Any CPU
		{A5B47B36-9378-44F8-A568-40D02ADE32A0}.Debug|Any CPU.Build.0 = Debug|Any CPU
		{A5B47B36-9378-44F8-A568-40D02ADE32A0}.Release|Any CPU.ActiveCfg = Release|Any CPU
		{A5B47B36-9378-44F8-A568-40D02ADE32A0}.Release|Any CPU.Build.0 = Release|Any CPU
		{064085C8-AAF8-4FD0-8175-72356A76188F}.Debug|Any CPU.ActiveCfg = Debug|Any CPU
		{064085C8-AAF8-4FD0-8175-72356A76188F}.Debug|Any CPU.Build.0 = Debug|Any CPU
		{064085C8-AAF8-4FD0-8175-72356A76188F}.Release|Any CPU.ActiveCfg = Release|Any CPU
		{064085C8-AAF8-4FD0-8175-72356A76188F}.Release|Any CPU.Build.0 = Release|Any CPU
		{282E201B-BD7F-4E97-A504-761239A118B3}.Debug|Any CPU.ActiveCfg = Debug|Any CPU
		{282E201B-BD7F-4E97-A504-761239A118B3}.Debug|Any CPU.Build.0 = Debug|Any CPU
		{282E201B-BD7F-4E97-A504-761239A118B3}.Release|Any CPU.ActiveCfg = Release|Any CPU
		{282E201B-BD7F-4E97-A504-761239A118B3}.Release|Any CPU.Build.0 = Release|Any CPU
		{E5C556CD-2FE2-4958-9221-985CD947D625}.Debug|Any CPU.ActiveCfg = Debug|Any CPU
		{E5C556CD-2FE2-4958-9221-985CD947D625}.Debug|Any CPU.Build.0 = Debug|Any CPU
		{E5C556CD-2FE2-4958-9221-985CD947D625}.Release|Any CPU.ActiveCfg = Release|Any CPU
		{E5C556CD-2FE2-4958-9221-985CD947D625}.Release|Any CPU.Build.0 = Release|Any CPU
		{2AAF421B-B71A-4945-B104-BA54A8413CE1}.Debug|Any CPU.ActiveCfg = Debug|Any CPU
		{2AAF421B-B71A-4945-B104-BA54A8413CE1}.Debug|Any CPU.Build.0 = Debug|Any CPU
		{2AAF421B-B71A-4945-B104-BA54A8413CE1}.Release|Any CPU.ActiveCfg = Release|Any CPU
		{2AAF421B-B71A-4945-B104-BA54A8413CE1}.Release|Any CPU.Build.0 = Release|Any CPU
		{51464B0A-EA5D-47E0-9F86-B0A89141F259}.Debug|Any CPU.ActiveCfg = Debug|Any CPU
		{51464B0A-EA5D-47E0-9F86-B0A89141F259}.Debug|Any CPU.Build.0 = Debug|Any CPU
		{51464B0A-EA5D-47E0-9F86-B0A89141F259}.Release|Any CPU.ActiveCfg = Release|Any CPU
		{51464B0A-EA5D-47E0-9F86-B0A89141F259}.Release|Any CPU.Build.0 = Release|Any CPU
	EndGlobalSection
	GlobalSection(SolutionProperties) = preSolution
		HideSolutionNode = FALSE
	EndGlobalSection
	GlobalSection(ExtensibilityGlobals) = postSolution
		SolutionGuid = {DA2021B6-A074-48C3-AD12-5CEA0196D2FB}
	EndGlobalSection
EndGlobal
