
Microsoft Visual Studio Solution File, Format Version 12.00
# Visual Studio Version 17
VisualStudioVersion = 17.8.34330.188
MinimumVisualStudioVersion = 10.0.40219.1
Project("{FAE04EC0-301F-11D3-BF4B-00C04F79EFBC}") = "eShop.Data", "eShop.Data\eShop.Data.csproj", "{C2F24123-1391-498C-9A32-4EDBBAD54EF7}"
EndProject
Project("{FAE04EC0-301F-11D3-BF4B-00C04F79EFBC}") = "eShop.Data.Shared", "eShop.Data.Shared\eShop.Data.Shared.csproj", "{5A293B8E-9A73-4C17-BB8B-335A1E71748B}"
EndProject
Global
	GlobalSection(SolutionConfigurationPlatforms) = preSolution
		Debug|Any CPU = Debug|Any CPU
		Release|Any CPU = Release|Any CPU
	EndGlobalSection
	GlobalSection(ProjectConfigurationPlatforms) = postSolution
		{C2F24123-1391-498C-9A32-4EDBBAD54EF7}.Debug|Any CPU.ActiveCfg = Debug|Any CPU
		{C2F24123-1391-498C-9A32-4EDBBAD54EF7}.Debug|Any CPU.Build.0 = Debug|Any CPU
		{C2F24123-1391-498C-9A32-4EDBBAD54EF7}.Release|Any CPU.ActiveCfg = Release|Any CPU
		{C2F24123-1391-498C-9A32-4EDBBAD54EF7}.Release|Any CPU.Build.0 = Release|Any CPU
		{5A293B8E-9A73-4C17-BB8B-335A1E71748B}.Debug|Any CPU.ActiveCfg = Debug|Any CPU
		{5A293B8E-9A73-4C17-BB8B-335A1E71748B}.Debug|Any CPU.Build.0 = Debug|Any CPU
		{5A293B8E-9A73-4C17-BB8B-335A1E71748B}.Release|Any CPU.ActiveCfg = Release|Any CPU
		{5A293B8E-9A73-4C17-BB8B-335A1E71748B}.Release|Any CPU.Build.0 = Release|Any CPU
	EndGlobalSection
	GlobalSection(SolutionProperties) = preSolution
		HideSolutionNode = FALSE
	EndGlobalSection
	GlobalSection(ExtensibilityGlobals) = postSolution
		SolutionGuid = {DA2021B6-A074-48C3-AD12-5CEA0196D2FB}
	EndGlobalSection
EndGlobal
